
Microsoft Visual Studio Solution File, Format Version 12.00
# Visual Studio Version 16
VisualStudioVersion = 16.0.30804.86
MinimumVisualStudioVersion = 10.0.40219.1
Project("{FAE04EC0-301F-11D3-BF4B-00C04F79EFBC}") = "IAS_Handyman.Repository", "IAS_Handyman.Repository\IAS_Handyman.Repository.csproj", "{66E6C4EF-CDA5-4098-99C4-3967E59F793F}"
EndProject
Project("{FAE04EC0-301F-11D3-BF4B-00C04F79EFBC}") = "IAS_Handyman.Models", "IAS_Handyman.Models\IAS_Handyman.Models.csproj", "{8A38F868-B5D8-462B-9486-502614FF56BD}"
EndProject
Project("{FAE04EC0-301F-11D3-BF4B-00C04F79EFBC}") = "IAS_Handyman_Main", "IAS_Handyman_Main\IAS_Handyman_Main.csproj", "{8F379018-756A-434D-B41F-1357EEE4018C}"
EndProject
Project("{FAE04EC0-301F-11D3-BF4B-00C04F79EFBC}") = "IAS_Handyman.test", "IAS_Handyman.test\IAS_Handyman.test.csproj", "{74F32FF7-4590-49E9-B2AC-8275CA20CCEC}"
EndProject
Global
	GlobalSection(SolutionConfigurationPlatforms) = preSolution
		Debug|Any CPU = Debug|Any CPU
		Release|Any CPU = Release|Any CPU
	EndGlobalSection
	GlobalSection(ProjectConfigurationPlatforms) = postSolution
		{66E6C4EF-CDA5-4098-99C4-3967E59F793F}.Debug|Any CPU.ActiveCfg = Debug|Any CPU
		{66E6C4EF-CDA5-4098-99C4-3967E59F793F}.Debug|Any CPU.Build.0 = Debug|Any CPU
		{66E6C4EF-CDA5-4098-99C4-3967E59F793F}.Release|Any CPU.ActiveCfg = Release|Any CPU
		{66E6C4EF-CDA5-4098-99C4-3967E59F793F}.Release|Any CPU.Build.0 = Release|Any CPU
		{8A38F868-B5D8-462B-9486-502614FF56BD}.Debug|Any CPU.ActiveCfg = Debug|Any CPU
		{8A38F868-B5D8-462B-9486-502614FF56BD}.Debug|Any CPU.Build.0 = Debug|Any CPU
		{8A38F868-B5D8-462B-9486-502614FF56BD}.Release|Any CPU.ActiveCfg = Release|Any CPU
		{8A38F868-B5D8-462B-9486-502614FF56BD}.Release|Any CPU.Build.0 = Release|Any CPU
		{8F379018-756A-434D-B41F-1357EEE4018C}.Debug|Any CPU.ActiveCfg = Debug|Any CPU
		{8F379018-756A-434D-B41F-1357EEE4018C}.Debug|Any CPU.Build.0 = Debug|Any CPU
		{8F379018-756A-434D-B41F-1357EEE4018C}.Release|Any CPU.ActiveCfg = Release|Any CPU
		{8F379018-756A-434D-B41F-1357EEE4018C}.Release|Any CPU.Build.0 = Release|Any CPU
		{74F32FF7-4590-49E9-B2AC-8275CA20CCEC}.Debug|Any CPU.ActiveCfg = Debug|Any CPU
		{74F32FF7-4590-49E9-B2AC-8275CA20CCEC}.Debug|Any CPU.Build.0 = Debug|Any CPU
		{74F32FF7-4590-49E9-B2AC-8275CA20CCEC}.Release|Any CPU.ActiveCfg = Release|Any CPU
		{74F32FF7-4590-49E9-B2AC-8275CA20CCEC}.Release|Any CPU.Build.0 = Release|Any CPU
	EndGlobalSection
	GlobalSection(SolutionProperties) = preSolution
		HideSolutionNode = FALSE
	EndGlobalSection
	GlobalSection(ExtensibilityGlobals) = postSolution
		SolutionGuid = {86245610-2628-4DB1-AA45-455C95641710}
	EndGlobalSection
EndGlobal
